// !$*UTF8*$!
{
	archiveVersion = 1;
	classes = {
	};
	objectVersion = 50;
	objects = {

/* Begin PBXBuildFile section */
		08219DE52311B859005C1EDC /* TLCameraObservable.swift in Sources */ = {isa = PBXBuildFile; fileRef = 08219DE42311B859005C1EDC /* TLCameraObservable.swift */; };
		08219DE72311BC56005C1EDC /* TLCameraFramework.framework in Frameworks */ = {isa = PBXBuildFile; fileRef = 08219DE62311BC56005C1EDC /* TLCameraFramework.framework */; };
		08219DE82311BC56005C1EDC /* TLCameraFramework.framework in Embed Frameworks */ = {isa = PBXBuildFile; fileRef = 08219DE62311BC56005C1EDC /* TLCameraFramework.framework */; settings = {ATTRIBUTES = (CodeSignOnCopy, RemoveHeadersOnCopy, ); }; };
		08ECD1D6230D235C00D1E1F8 /* AppDelegate.swift in Sources */ = {isa = PBXBuildFile; fileRef = 08ECD1D5230D235C00D1E1F8 /* AppDelegate.swift */; };
		08ECD1D8230D235C00D1E1F8 /* SceneDelegate.swift in Sources */ = {isa = PBXBuildFile; fileRef = 08ECD1D7230D235C00D1E1F8 /* SceneDelegate.swift */; };
		08ECD1DA230D235C00D1E1F8 /* ContentView.swift in Sources */ = {isa = PBXBuildFile; fileRef = 08ECD1D9230D235C00D1E1F8 /* ContentView.swift */; };
		08ECD1DC230D235F00D1E1F8 /* Assets.xcassets in Resources */ = {isa = PBXBuildFile; fileRef = 08ECD1DB230D235F00D1E1F8 /* Assets.xcassets */; };
		08ECD1DF230D235F00D1E1F8 /* Preview Assets.xcassets in Resources */ = {isa = PBXBuildFile; fileRef = 08ECD1DE230D235F00D1E1F8 /* Preview Assets.xcassets */; };
		08ECD1E2230D235F00D1E1F8 /* LaunchScreen.storyboard in Resources */ = {isa = PBXBuildFile; fileRef = 08ECD1E0230D235F00D1E1F8 /* LaunchScreen.storyboard */; };
/* End PBXBuildFile section */

/* Begin PBXCopyFilesBuildPhase section */
		08219DE92311BC56005C1EDC /* Embed Frameworks */ = {
			isa = PBXCopyFilesBuildPhase;
			buildActionMask = 2147483647;
			dstPath = "";
			dstSubfolderSpec = 10;
			files = (
				08219DE82311BC56005C1EDC /* TLCameraFramework.framework in Embed Frameworks */,
			);
			name = "Embed Frameworks";
			runOnlyForDeploymentPostprocessing = 0;
		};
/* End PBXCopyFilesBuildPhase section */

/* Begin PBXFileReference section */
		08219DE42311B859005C1EDC /* TLCameraObservable.swift */ = {isa = PBXFileReference; lastKnownFileType = sourcecode.swift; path = TLCameraObservable.swift; sourceTree = "<group>"; };
		08219DE62311BC56005C1EDC /* TLCameraFramework.framework */ = {isa = PBXFileReference; explicitFileType = wrapper.framework; path = TLCameraFramework.framework; sourceTree = BUILT_PRODUCTS_DIR; };
		08ECD1D2230D235C00D1E1F8 /* Sample App SwiftUI.app */ = {isa = PBXFileReference; explicitFileType = wrapper.application; includeInIndex = 0; path = "Sample App SwiftUI.app"; sourceTree = BUILT_PRODUCTS_DIR; };
		08ECD1D5230D235C00D1E1F8 /* AppDelegate.swift */ = {isa = PBXFileReference; lastKnownFileType = sourcecode.swift; path = AppDelegate.swift; sourceTree = "<group>"; };
		08ECD1D7230D235C00D1E1F8 /* SceneDelegate.swift */ = {isa = PBXFileReference; lastKnownFileType = sourcecode.swift; path = SceneDelegate.swift; sourceTree = "<group>"; };
		08ECD1D9230D235C00D1E1F8 /* ContentView.swift */ = {isa = PBXFileReference; lastKnownFileType = sourcecode.swift; path = ContentView.swift; sourceTree = "<group>"; };
		08ECD1DB230D235F00D1E1F8 /* Assets.xcassets */ = {isa = PBXFileReference; lastKnownFileType = folder.assetcatalog; path = Assets.xcassets; sourceTree = "<group>"; };
		08ECD1DE230D235F00D1E1F8 /* Preview Assets.xcassets */ = {isa = PBXFileReference; lastKnownFileType = folder.assetcatalog; path = "Preview Assets.xcassets"; sourceTree = "<group>"; };
		08ECD1E1230D235F00D1E1F8 /* Base */ = {isa = PBXFileReference; lastKnownFileType = file.storyboard; name = Base; path = Base.lproj/LaunchScreen.storyboard; sourceTree = "<group>"; };
		08ECD1E3230D235F00D1E1F8 /* Info.plist */ = {isa = PBXFileReference; lastKnownFileType = text.plist.xml; path = Info.plist; sourceTree = "<group>"; };
/* End PBXFileReference section */

/* Begin PBXFrameworksBuildPhase section */
		08ECD1CF230D235C00D1E1F8 /* Frameworks */ = {
			isa = PBXFrameworksBuildPhase;
			buildActionMask = 2147483647;
			files = (
				08219DE72311BC56005C1EDC /* TLCameraFramework.framework in Frameworks */,
			);
			runOnlyForDeploymentPostprocessing = 0;
		};
/* End PBXFrameworksBuildPhase section */

/* Begin PBXGroup section */
		08ECD1C9230D235B00D1E1F8 = {
			isa = PBXGroup;
			children = (
				08ECD1E9230D23A100D1E1F8 /* Frameworks */,
				08ECD1D4230D235C00D1E1F8 /* Sample App SwiftUI */,
				08ECD1D3230D235C00D1E1F8 /* Products */,
			);
			sourceTree = "<group>";
		};
		08ECD1D3230D235C00D1E1F8 /* Products */ = {
			isa = PBXGroup;
			children = (
				08ECD1D2230D235C00D1E1F8 /* Sample App SwiftUI.app */,
			);
			name = Products;
			sourceTree = "<group>";
		};
		08ECD1D4230D235C00D1E1F8 /* Sample App SwiftUI */ = {
			isa = PBXGroup;
			children = (
				08ECD1D5230D235C00D1E1F8 /* AppDelegate.swift */,
				08ECD1D7230D235C00D1E1F8 /* SceneDelegate.swift */,
				08219DE42311B859005C1EDC /* TLCameraObservable.swift */,
				08ECD1D9230D235C00D1E1F8 /* ContentView.swift */,
				08ECD1DB230D235F00D1E1F8 /* Assets.xcassets */,
				08ECD1E0230D235F00D1E1F8 /* LaunchScreen.storyboard */,
				08ECD1E3230D235F00D1E1F8 /* Info.plist */,
				08ECD1DD230D235F00D1E1F8 /* Preview Content */,
			);
			path = "Sample App SwiftUI";
			sourceTree = "<group>";
		};
		08ECD1DD230D235F00D1E1F8 /* Preview Content */ = {
			isa = PBXGroup;
			children = (
				08ECD1DE230D235F00D1E1F8 /* Preview Assets.xcassets */,
			);
			path = "Preview Content";
			sourceTree = "<group>";
		};
		08ECD1E9230D23A100D1E1F8 /* Frameworks */ = {
			isa = PBXGroup;
			children = (
				08219DE62311BC56005C1EDC /* TLCameraFramework.framework */,
			);
			path = Frameworks;
			sourceTree = "<group>";
		};
/* End PBXGroup section */

/* Begin PBXNativeTarget section */
		08ECD1D1230D235C00D1E1F8 /* Sample App SwiftUI */ = {
			isa = PBXNativeTarget;
			buildConfigurationList = 08ECD1E6230D235F00D1E1F8 /* Build configuration list for PBXNativeTarget "Sample App SwiftUI" */;
			buildPhases = (
				08ECD1CE230D235C00D1E1F8 /* Sources */,
				08ECD1CF230D235C00D1E1F8 /* Frameworks */,
				08ECD1D0230D235C00D1E1F8 /* Resources */,
				08219DE92311BC56005C1EDC /* Embed Frameworks */,
			);
			buildRules = (
			);
			dependencies = (
			);
			name = "Sample App SwiftUI";
			productName = "Sample App SwiftUI";
			productReference = 08ECD1D2230D235C00D1E1F8 /* Sample App SwiftUI.app */;
			productType = "com.apple.product-type.application";
		};
/* End PBXNativeTarget section */

/* Begin PBXProject section */
		08ECD1CA230D235B00D1E1F8 /* Project object */ = {
			isa = PBXProject;
			attributes = {
				LastSwiftUpdateCheck = 1100;
				LastUpgradeCheck = 1100;
				ORGANIZATIONNAME = "Teng Liu";
				TargetAttributes = {
					08ECD1D1230D235C00D1E1F8 = {
						CreatedOnToolsVersion = 11.0;
					};
				};
			};
			buildConfigurationList = 08ECD1CD230D235B00D1E1F8 /* Build configuration list for PBXProject "Sample App SwiftUI" */;
			compatibilityVersion = "Xcode 9.3";
			developmentRegion = en;
			hasScannedForEncodings = 0;
			knownRegions = (
				en,
				Base,
			);
			mainGroup = 08ECD1C9230D235B00D1E1F8;
			productRefGroup = 08ECD1D3230D235C00D1E1F8 /* Products */;
			projectDirPath = "";
			projectRoot = "";
			targets = (
				08ECD1D1230D235C00D1E1F8 /* Sample App SwiftUI */,
			);
		};
/* End PBXProject section */

/* Begin PBXResourcesBuildPhase section */
		08ECD1D0230D235C00D1E1F8 /* Resources */ = {
			isa = PBXResourcesBuildPhase;
			buildActionMask = 2147483647;
			files = (
				08ECD1E2230D235F00D1E1F8 /* LaunchScreen.storyboard in Resources */,
				08ECD1DF230D235F00D1E1F8 /* Preview Assets.xcassets in Resources */,
				08ECD1DC230D235F00D1E1F8 /* Assets.xcassets in Resources */,
			);
			runOnlyForDeploymentPostprocessing = 0;
		};
/* End PBXResourcesBuildPhase section */

/* Begin PBXSourcesBuildPhase section */
		08ECD1CE230D235C00D1E1F8 /* Sources */ = {
			isa = PBXSourcesBuildPhase;
			buildActionMask = 2147483647;
			files = (
				08ECD1D6230D235C00D1E1F8 /* AppDelegate.swift in Sources */,
				08219DE52311B859005C1EDC /* TLCameraObservable.swift in Sources */,
				08ECD1D8230D235C00D1E1F8 /* SceneDelegate.swift in Sources */,
				08ECD1DA230D235C00D1E1F8 /* ContentView.swift in Sources */,
			);
			runOnlyForDeploymentPostprocessing = 0;
		};
/* End PBXSourcesBuildPhase section */

/* Begin PBXVariantGroup section */
		08ECD1E0230D235F00D1E1F8 /* LaunchScreen.storyboard */ = {
			isa = PBXVariantGroup;
			children = (
				08ECD1E1230D235F00D1E1F8 /* Base */,
			);
			name = LaunchScreen.storyboard;
			sourceTree = "<group>";
		};
/* End PBXVariantGroup section */

/* Begin XCBuildConfiguration section */
		08ECD1E4230D235F00D1E1F8 /* Debug */ = {
			isa = XCBuildConfiguration;
			buildSettings = {
				ALWAYS_SEARCH_USER_PATHS = NO;
				CLANG_ANALYZER_NONNULL = YES;
				CLANG_ANALYZER_NUMBER_OBJECT_CONVERSION = YES_AGGRESSIVE;
				CLANG_CXX_LANGUAGE_STANDARD = "gnu++14";
				CLANG_CXX_LIBRARY = "libc++";
				CLANG_ENABLE_MODULES = YES;
				CLANG_ENABLE_OBJC_ARC = YES;
				CLANG_ENABLE_OBJC_WEAK = YES;
				CLANG_WARN_BLOCK_CAPTURE_AUTORELEASING = YES;
				CLANG_WARN_BOOL_CONVERSION = YES;
				CLANG_WARN_COMMA = YES;
				CLANG_WARN_CONSTANT_CONVERSION = YES;
				CLANG_WARN_DEPRECATED_OBJC_IMPLEMENTATIONS = YES;
				CLANG_WARN_DIRECT_OBJC_ISA_USAGE = YES_ERROR;
				CLANG_WARN_DOCUMENTATION_COMMENTS = YES;
				CLANG_WARN_EMPTY_BODY = YES;
				CLANG_WARN_ENUM_CONVERSION = YES;
				CLANG_WARN_INFINITE_RECURSION = YES;
				CLANG_WARN_INT_CONVERSION = YES;
				CLANG_WARN_NON_LITERAL_NULL_CONVERSION = YES;
				CLANG_WARN_OBJC_IMPLICIT_RETAIN_SELF = YES;
				CLANG_WARN_OBJC_LITERAL_CONVERSION = YES;
				CLANG_WARN_OBJC_ROOT_CLASS = YES_ERROR;
				CLANG_WARN_RANGE_LOOP_ANALYSIS = YES;
				CLANG_WARN_STRICT_PROTOTYPES = YES;
				CLANG_WARN_SUSPICIOUS_MOVE = YES;
				CLANG_WARN_UNGUARDED_AVAILABILITY = YES_AGGRESSIVE;
				CLANG_WARN_UNREACHABLE_CODE = YES;
				CLANG_WARN__DUPLICATE_METHOD_MATCH = YES;
				COPY_PHASE_STRIP = NO;
				DEBUG_INFORMATION_FORMAT = dwarf;
				ENABLE_STRICT_OBJC_MSGSEND = YES;
				ENABLE_TESTABILITY = YES;
				GCC_C_LANGUAGE_STANDARD = gnu11;
				GCC_DYNAMIC_NO_PIC = NO;
				GCC_NO_COMMON_BLOCKS = YES;
				GCC_OPTIMIZATION_LEVEL = 0;
				GCC_PREPROCESSOR_DEFINITIONS = (
					"DEBUG=1",
					"$(inherited)",
				);
				GCC_WARN_64_TO_32_BIT_CONVERSION = YES;
				GCC_WARN_ABOUT_RETURN_TYPE = YES_ERROR;
				GCC_WARN_UNDECLARED_SELECTOR = YES;
				GCC_WARN_UNINITIALIZED_AUTOS = YES_AGGRESSIVE;
				GCC_WARN_UNUSED_FUNCTION = YES;
				GCC_WARN_UNUSED_VARIABLE = YES;
				IPHONEOS_DEPLOYMENT_TARGET = 13.0;
				MTL_ENABLE_DEBUG_INFO = INCLUDE_SOURCE;
				MTL_FAST_MATH = YES;
				ONLY_ACTIVE_ARCH = YES;
				SDKROOT = iphoneos;
				SWIFT_ACTIVE_COMPILATION_CONDITIONS = DEBUG;
				SWIFT_OPTIMIZATION_LEVEL = "-Onone";
			};
			name = Debug;
		};
		08ECD1E5230D235F00D1E1F8 /* Release */ = {
			isa = XCBuildConfiguration;
			buildSettings = {
				ALWAYS_SEARCH_USER_PATHS = NO;
				CLANG_ANALYZER_NONNULL = YES;
				CLANG_ANALYZER_NUMBER_OBJECT_CONVERSION = YES_AGGRESSIVE;
				CLANG_CXX_LANGUAGE_STANDARD = "gnu++14";
				CLANG_CXX_LIBRARY = "libc++";
				CLANG_ENABLE_MODULES = YES;
				CLANG_ENABLE_OBJC_ARC = YES;
				CLANG_ENABLE_OBJC_WEAK = YES;
				CLANG_WARN_BLOCK_CAPTURE_AUTORELEASING = YES;
				CLANG_WARN_BOOL_CONVERSION = YES;
				CLANG_WARN_COMMA = YES;
				CLANG_WARN_CONSTANT_CONVERSION = YES;
				CLANG_WARN_DEPRECATED_OBJC_IMPLEMENTATIONS = YES;
				CLANG_WARN_DIRECT_OBJC_ISA_USAGE = YES_ERROR;
				CLANG_WARN_DOCUMENTATION_COMMENTS = YES;
				CLANG_WARN_EMPTY_BODY = YES;
				CLANG_WARN_ENUM_CONVERSION = YES;
				CLANG_WARN_INFINITE_RECURSION = YES;
				CLANG_WARN_INT_CONVERSION = YES;
				CLANG_WARN_NON_LITERAL_NULL_CONVERSION = YES;
				CLANG_WARN_OBJC_IMPLICIT_RETAIN_SELF = YES;
				CLANG_WARN_OBJC_LITERAL_CONVERSION = YES;
				CLANG_WARN_OBJC_ROOT_CLASS = YES_ERROR;
				CLANG_WARN_RANGE_LOOP_ANALYSIS = YES;
				CLANG_WARN_STRICT_PROTOTYPES = YES;
				CLANG_WARN_SUSPICIOUS_MOVE = YES;
				CLANG_WARN_UNGUARDED_AVAILABILITY = YES_AGGRESSIVE;
				CLANG_WARN_UNREACHABLE_CODE = YES;
				CLANG_WARN__DUPLICATE_METHOD_MATCH = YES;
				COPY_PHASE_STRIP = NO;
				DEBUG_INFORMATION_FORMAT = "dwarf-with-dsym";
				ENABLE_NS_ASSERTIONS = NO;
				ENABLE_STRICT_OBJC_MSGSEND = YES;
				GCC_C_LANGUAGE_STANDARD = gnu11;
				GCC_NO_COMMON_BLOCKS = YES;
				GCC_WARN_64_TO_32_BIT_CONVERSION = YES;
				GCC_WARN_ABOUT_RETURN_TYPE = YES_ERROR;
				GCC_WARN_UNDECLARED_SELECTOR = YES;
				GCC_WARN_UNINITIALIZED_AUTOS = YES_AGGRESSIVE;
				GCC_WARN_UNUSED_FUNCTION = YES;
				GCC_WARN_UNUSED_VARIABLE = YES;
				IPHONEOS_DEPLOYMENT_TARGET = 13.0;
				MTL_ENABLE_DEBUG_INFO = NO;
				MTL_FAST_MATH = YES;
				SDKROOT = iphoneos;
				SWIFT_COMPILATION_MODE = wholemodule;
				SWIFT_OPTIMIZATION_LEVEL = "-O";
				VALIDATE_PRODUCT = YES;
			};
			name = Release;
		};
		08ECD1E7230D235F00D1E1F8 /* Debug */ = {
			isa = XCBuildConfiguration;
			buildSettings = {
				ASSETCATALOG_COMPILER_APPICON_NAME = AppIcon;
				CODE_SIGN_STYLE = Automatic;
				DEVELOPMENT_ASSET_PATHS = "\"Sample App SwiftUI\"/Preview\\ Content";
				DEVELOPMENT_TEAM = 2LGL679YYN;
				ENABLE_PREVIEWS = YES;
				INFOPLIST_FILE = "Sample App SwiftUI/Info.plist";
				LD_RUNPATH_SEARCH_PATHS = (
					"$(inherited)",
					"@executable_path/Frameworks",
				);
				PRODUCT_BUNDLE_IDENTIFIER = "net.tengl.Sample-App-SwiftUI";
				PRODUCT_NAME = "$(TARGET_NAME)";
				SWIFT_VERSION = 5.0;
				TARGETED_DEVICE_FAMILY = 1;
			};
			name = Debug;
		};
		08ECD1E8230D235F00D1E1F8 /* Release */ = {
			isa = XCBuildConfiguration;
			buildSettings = {
				ASSETCATALOG_COMPILER_APPICON_NAME = AppIcon;
				CODE_SIGN_STYLE = Automatic;
				DEVELOPMENT_ASSET_PATHS = "\"Sample App SwiftUI\"/Preview\\ Content";
				DEVELOPMENT_TEAM = 2LGL679YYN;
				ENABLE_PREVIEWS = YES;
				INFOPLIST_FILE = "Sample App SwiftUI/Info.plist";
				LD_RUNPATH_SEARCH_PATHS = (
					"$(inherited)",
					"@executable_path/Frameworks",
				);
				PRODUCT_BUNDLE_IDENTIFIER = "net.tengl.Sample-App-SwiftUI";
				PRODUCT_NAME = "$(TARGET_NAME)";
				SWIFT_VERSION = 5.0;
				TARGETED_DEVICE_FAMILY = 1;
			};
			name = Release;
		};
/* End XCBuildConfiguration section */

/* Begin XCConfigurationList section */
		08ECD1CD230D235B00D1E1F8 /* Build configuration list for PBXProject "Sample App SwiftUI" */ = {
			isa = XCConfigurationList;
			buildConfigurations = (
				08ECD1E4230D235F00D1E1F8 /* Debug */,
				08ECD1E5230D235F00D1E1F8 /* Release */,
			);
			defaultConfigurationIsVisible = 0;
			defaultConfigurationName = Release;
		};
		08ECD1E6230D235F00D1E1F8 /* Build configuration list for PBXNativeTarget "Sample App SwiftUI" */ = {
			isa = XCConfigurationList;
			buildConfigurations = (
				08ECD1E7230D235F00D1E1F8 /* Debug */,
				08ECD1E8230D235F00D1E1F8 /* Release */,
			);
			defaultConfigurationIsVisible = 0;
			defaultConfigurationName = Release;
		};
/* End XCConfigurationList section */
	};
	rootObject = 08ECD1CA230D235B00D1E1F8 /* Project object */;
}
